// !$*UTF8*$!
{
	archiveVersion = 1;
	classes = {
	};
	objectVersion = 48;
	objects = {

/* Begin PBXBuildFile section */
		A313A77120AA89CC00B3B769 /* Originator.m in Sources */ = {isa = PBXBuildFile; fileRef = A313A77020AA89CC00B3B769 /* Originator.m */; };
		A313A77420AA8A3B00B3B769 /* Memento.m in Sources */ = {isa = PBXBuildFile; fileRef = A313A77320AA8A3B00B3B769 /* Memento.m */; };
		A313A77720AA90BD00B3B769 /* MementoManager.m in Sources */ = {isa = PBXBuildFile; fileRef = A313A77620AA90BD00B3B769 /* MementoManager.m */; };
		A319480C20AC16A20084A201 /* Company.m in Sources */ = {isa = PBXBuildFile; fileRef = A319480B20AC16A20084A201 /* Company.m */; };
		A319480F20AC1B3A0084A201 /* HRDepartment.m in Sources */ = {isa = PBXBuildFile; fileRef = A319480E20AC1B3A0084A201 /* HRDepartment.m */; };
		A319481220AC1B500084A201 /* FinanceDepartment.m in Sources */ = {isa = PBXBuildFile; fileRef = A319481120AC1B500084A201 /* FinanceDepartment.m */; };
		A319481620AC4C5C0084A201 /* Iterator.m in Sources */ = {isa = PBXBuildFile; fileRef = A319481520AC4C5C0084A201 /* Iterator.m */; };
		A319481C20AC4C8C0084A201 /* ConcreteIterator.m in Sources */ = {isa = PBXBuildFile; fileRef = A319481B20AC4C8C0084A201 /* ConcreteIterator.m */; };
		A319483520AC542F0084A201 /* PersonBuilderDirector.m in Sources */ = {isa = PBXBuildFile; fileRef = A319482220AC542F0084A201 /* PersonBuilderDirector.m */; };
		A319483620AC542F0084A201 /* GamePersonLeg.m in Sources */ = {isa = PBXBuildFile; fileRef = A319482620AC542F0084A201 /* GamePersonLeg.m */; };
		A319483720AC542F0084A201 /* GamePerson.m in Sources */ = {isa = PBXBuildFile; fileRef = A319482720AC542F0084A201 /* GamePerson.m */; };
		A319483820AC542F0084A201 /* GamePersonArm.m in Sources */ = {isa = PBXBuildFile; fileRef = A319482C20AC542F0084A201 /* GamePersonArm.m */; };
		A319483920AC542F0084A201 /* GamePersonBody.m in Sources */ = {isa = PBXBuildFile; fileRef = A319482D20AC542F0084A201 /* GamePersonBody.m */; };
		A319483A20AC542F0084A201 /* GamePersonHead.m in Sources */ = {isa = PBXBuildFile; fileRef = A319482E20AC542F0084A201 /* GamePersonHead.m */; };
		A319483B20AC542F0084A201 /* FatPersonBuilder.m in Sources */ = {isa = PBXBuildFile; fileRef = A319483120AC542F0084A201 /* FatPersonBuilder.m */; };
		A319483C20AC542F0084A201 /* ThinPersonBuilder.m in Sources */ = {isa = PBXBuildFile; fileRef = A319483320AC542F0084A201 /* ThinPersonBuilder.m */; };
		A319484720AC545A0084A201 /* ConcreteSubject.m in Sources */ = {isa = PBXBuildFile; fileRef = A319483E20AC545A0084A201 /* ConcreteSubject.m */; };
		A319484820AC545A0084A201 /* StockObserver.m in Sources */ = {isa = PBXBuildFile; fileRef = A319483F20AC545A0084A201 /* StockObserver.m */; };
		A319484920AC545A0084A201 /* Subject.m in Sources */ = {isa = PBXBuildFile; fileRef = A319484020AC545A0084A201 /* Subject.m */; };
		A319484A20AC545A0084A201 /* NBAObserver.m in Sources */ = {isa = PBXBuildFile; fileRef = A319484420AC545A0084A201 /* NBAObserver.m */; };
		A389CCFB20A1A32A004F1A59 /* main.m in Sources */ = {isa = PBXBuildFile; fileRef = A389CCFA20A1A32A004F1A59 /* main.m */; };
		A389CD4A20A1A3C8004F1A59 /* CashStrategyNormal.m in Sources */ = {isa = PBXBuildFile; fileRef = A389CD0220A1A3C7004F1A59 /* CashStrategyNormal.m */; };
		A389CD4B20A1A3C8004F1A59 /* CashStrategyRebate.m in Sources */ = {isa = PBXBuildFile; fileRef = A389CD0320A1A3C7004F1A59 /* CashStrategyRebate.m */; };
		A389CD4C20A1A3C8004F1A59 /* CashContextFactory.m in Sources */ = {isa = PBXBuildFile; fileRef = A389CD0820A1A3C7004F1A59 /* CashContextFactory.m */; };
		A389CD4D20A1A3C8004F1A59 /* CashStrategyReturn.m in Sources */ = {isa = PBXBuildFile; fileRef = A389CD0A20A1A3C7004F1A59 /* CashStrategyReturn.m */; };
		A389CD4E20A1A3C8004F1A59 /* Skill_W.m in Sources */ = {isa = PBXBuildFile; fileRef = A389CD0F20A1A3C7004F1A59 /* Skill_W.m */; };
		A389CD4F20A1A3C8004F1A59 /* Skills.m in Sources */ = {isa = PBXBuildFile; fileRef = A389CD1120A1A3C7004F1A59 /* Skills.m */; };
		A389CD5020A1A3C8004F1A59 /* Skill_Q.m in Sources */ = {isa = PBXBuildFile; fileRef = A389CD1320A1A3C7004F1A59 /* Skill_Q.m */; };
		A389CD5120A1A3C8004F1A59 /* Hero.m in Sources */ = {isa = PBXBuildFile; fileRef = A389CD1520A1A3C7004F1A59 /* Hero.m */; };
		A389CD5220A1A3C8004F1A59 /* AnQiLa.m in Sources */ = {isa = PBXBuildFile; fileRef = A389CD1820A1A3C7004F1A59 /* AnQiLa.m */; };
		A389CD5320A1A3C8004F1A59 /* Finery.m in Sources */ = {isa = PBXBuildFile; fileRef = A389CD1C20A1A3C7004F1A59 /* Finery.m */; };
		A389CD5420A1A3C8004F1A59 /* TShirts.m in Sources */ = {isa = PBXBuildFile; fileRef = A389CD1F20A1A3C7004F1A59 /* TShirts.m */; };
		A389CD5520A1A3C8004F1A59 /* BigTrouser.m in Sources */ = {isa = PBXBuildFile; fileRef = A389CD2020A1A3C7004F1A59 /* BigTrouser.m */; };
		A389CD5620A1A3C8004F1A59 /* Person.m in Sources */ = {isa = PBXBuildFile; fileRef = A389CD2320A1A3C7004F1A59 /* Person.m */; };
		A389CD5720A1A3C8004F1A59 /* TestPaperB.m in Sources */ = {isa = PBXBuildFile; fileRef = A389CD2520A1A3C7004F1A59 /* TestPaperB.m */; };
		A389CD5820A1A3C8004F1A59 /* TestPaperA.m in Sources */ = {isa = PBXBuildFile; fileRef = A389CD2620A1A3C7004F1A59 /* TestPaperA.m */; };
		A389CD5920A1A3C8004F1A59 /* TestPaper.m in Sources */ = {isa = PBXBuildFile; fileRef = A389CD2A20A1A3C7004F1A59 /* TestPaper.m */; };
		A389CD5A20A1A3C8004F1A59 /* Proxy.m in Sources */ = {isa = PBXBuildFile; fileRef = A389CD2C20A1A3C7004F1A59 /* Proxy.m */; };
		A389CD5B20A1A3C8004F1A59 /* SchoolGirl.m in Sources */ = {isa = PBXBuildFile; fileRef = A389CD2F20A1A3C7004F1A59 /* SchoolGirl.m */; };
		A389CD5C20A1A3C8004F1A59 /* Pursuit.m in Sources */ = {isa = PBXBuildFile; fileRef = A389CD3120A1A3C7004F1A59 /* Pursuit.m */; };
		A389CD5D20A1A3C8004F1A59 /* PrototypePerson.m in Sources */ = {isa = PBXBuildFile; fileRef = A389CD3520A1A3C7004F1A59 /* PrototypePerson.m */; };
		A389CD5E20A1A3C8004F1A59 /* CalculatorAlgorithm.m in Sources */ = {isa = PBXBuildFile; fileRef = A389CD3A20A1A3C8004F1A59 /* CalculatorAlgorithm.m */; };
		A389CD5F20A1A3C8004F1A59 /* CalculatorOperation.m in Sources */ = {isa = PBXBuildFile; fileRef = A389CD3B20A1A3C8004F1A59 /* CalculatorOperation.m */; };
		A389CD6020A1A3C8004F1A59 /* CalculatorFactory.m in Sources */ = {isa = PBXBuildFile; fileRef = A389CD3C20A1A3C8004F1A59 /* CalculatorFactory.m */; };
		A389CD6120A1A3C8004F1A59 /* CalculateMulFactory.m in Sources */ = {isa = PBXBuildFile; fileRef = A389CD4020A1A3C8004F1A59 /* CalculateMulFactory.m */; };
		A389CD6220A1A3C8004F1A59 /* CalculateFactory.m in Sources */ = {isa = PBXBuildFile; fileRef = A389CD4120A1A3C8004F1A59 /* CalculateFactory.m */; };
		A389CD6320A1A3C8004F1A59 /* CalculateAddFactory.m in Sources */ = {isa = PBXBuildFile; fileRef = A389CD4420A1A3C8004F1A59 /* CalculateAddFactory.m */; };
		A389CD6420A1A3C8004F1A59 /* CalculateDivFactory.m in Sources */ = {isa = PBXBuildFile; fileRef = A389CD4720A1A3C8004F1A59 /* CalculateDivFactory.m */; };
		A389CD6520A1A3C8004F1A59 /* CalculateSubFactory.m in Sources */ = {isa = PBXBuildFile; fileRef = A389CD4820A1A3C8004F1A59 /* CalculateSubFactory.m */; };
		A389CD6620A1A3C8004F1A59 /* ExampleManager.m in Sources */ = {isa = PBXBuildFile; fileRef = A389CD4920A1A3C8004F1A59 /* ExampleManager.m */; };
		A389CD6A20A1B565004F1A59 /* SubSystemOne.m in Sources */ = {isa = PBXBuildFile; fileRef = A389CD6920A1B565004F1A59 /* SubSystemOne.m */; };
		A389CD6D20A1B573004F1A59 /* SubSystemTwo.m in Sources */ = {isa = PBXBuildFile; fileRef = A389CD6C20A1B573004F1A59 /* SubSystemTwo.m */; };
		A389CD7020A1B580004F1A59 /* SubSystemThree.m in Sources */ = {isa = PBXBuildFile; fileRef = A389CD6F20A1B580004F1A59 /* SubSystemThree.m */; };
		A389CD7320A1B590004F1A59 /* Facade.m in Sources */ = {isa = PBXBuildFile; fileRef = A389CD7220A1B590004F1A59 /* Facade.m */; };
/* End PBXBuildFile section */

/* Begin PBXCopyFilesBuildPhase section */
		A389CCF520A1A32A004F1A59 /* CopyFiles */ = {
			isa = PBXCopyFilesBuildPhase;
			buildActionMask = 2147483647;
			dstPath = /usr/share/man/man1/;
			dstSubfolderSpec = 0;
			files = (
			);
			runOnlyForDeploymentPostprocessing = 1;
		};
/* End PBXCopyFilesBuildPhase section */

/* Begin PBXFileReference section */
		A313A76F20AA89CC00B3B769 /* Originator.h */ = {isa = PBXFileReference; lastKnownFileType = sourcecode.c.h; path = Originator.h; sourceTree = "<group>"; };
		A313A77020AA89CC00B3B769 /* Originator.m */ = {isa = PBXFileReference; lastKnownFileType = sourcecode.c.objc; path = Originator.m; sourceTree = "<group>"; };
		A313A77220AA8A3B00B3B769 /* Memento.h */ = {isa = PBXFileReference; lastKnownFileType = sourcecode.c.h; path = Memento.h; sourceTree = "<group>"; };
		A313A77320AA8A3B00B3B769 /* Memento.m */ = {isa = PBXFileReference; lastKnownFileType = sourcecode.c.objc; path = Memento.m; sourceTree = "<group>"; };
		A313A77520AA90BD00B3B769 /* MementoManager.h */ = {isa = PBXFileReference; lastKnownFileType = sourcecode.c.h; path = MementoManager.h; sourceTree = "<group>"; };
		A313A77620AA90BD00B3B769 /* MementoManager.m */ = {isa = PBXFileReference; lastKnownFileType = sourcecode.c.objc; path = MementoManager.m; sourceTree = "<group>"; };
		A319480A20AC16A20084A201 /* Company.h */ = {isa = PBXFileReference; lastKnownFileType = sourcecode.c.h; path = Company.h; sourceTree = "<group>"; };
		A319480B20AC16A20084A201 /* Company.m */ = {isa = PBXFileReference; lastKnownFileType = sourcecode.c.objc; path = Company.m; sourceTree = "<group>"; };
		A319480D20AC1B3A0084A201 /* HRDepartment.h */ = {isa = PBXFileReference; lastKnownFileType = sourcecode.c.h; path = HRDepartment.h; sourceTree = "<group>"; };
		A319480E20AC1B3A0084A201 /* HRDepartment.m */ = {isa = PBXFileReference; lastKnownFileType = sourcecode.c.objc; path = HRDepartment.m; sourceTree = "<group>"; };
		A319481020AC1B500084A201 /* FinanceDepartment.h */ = {isa = PBXFileReference; lastKnownFileType = sourcecode.c.h; path = FinanceDepartment.h; sourceTree = "<group>"; };
		A319481120AC1B500084A201 /* FinanceDepartment.m */ = {isa = PBXFileReference; lastKnownFileType = sourcecode.c.objc; path = FinanceDepartment.m; sourceTree = "<group>"; };
		A319481420AC4C5C0084A201 /* Iterator.h */ = {isa = PBXFileReference; lastKnownFileType = sourcecode.c.h; path = Iterator.h; sourceTree = "<group>"; };
		A319481520AC4C5C0084A201 /* Iterator.m */ = {isa = PBXFileReference; lastKnownFileType = sourcecode.c.objc; path = Iterator.m; sourceTree = "<group>"; };
		A319481A20AC4C8C0084A201 /* ConcreteIterator.h */ = {isa = PBXFileReference; lastKnownFileType = sourcecode.c.h; path = ConcreteIterator.h; sourceTree = "<group>"; };
		A319481B20AC4C8C0084A201 /* ConcreteIterator.m */ = {isa = PBXFileReference; lastKnownFileType = sourcecode.c.objc; path = ConcreteIterator.m; sourceTree = "<group>"; };
		A319482220AC542F0084A201 /* PersonBuilderDirector.m */ = {isa = PBXFileReference; fileEncoding = 4; lastKnownFileType = sourcecode.c.objc; path = PersonBuilderDirector.m; sourceTree = "<group>"; };
		A319482320AC542F0084A201 /* PersonBuilderDirector.h */ = {isa = PBXFileReference; fileEncoding = 4; lastKnownFileType = sourcecode.c.h; path = PersonBuilderDirector.h; sourceTree = "<group>"; };
		A319482520AC542F0084A201 /* GamePersonArm.h */ = {isa = PBXFileReference; fileEncoding = 4; lastKnownFileType = sourcecode.c.h; path = GamePersonArm.h; sourceTree = "<group>"; };
		A319482620AC542F0084A201 /* GamePersonLeg.m */ = {isa = PBXFileReference; fileEncoding = 4; lastKnownFileType = sourcecode.c.objc; path = GamePersonLeg.m; sourceTree = "<group>"; };
		A319482720AC542F0084A201 /* GamePerson.m */ = {isa = PBXFileReference; fileEncoding = 4; lastKnownFileType = sourcecode.c.objc; path = GamePerson.m; sourceTree = "<group>"; };
		A319482820AC542F0084A201 /* GamePersonBody.h */ = {isa = PBXFileReference; fileEncoding = 4; lastKnownFileType = sourcecode.c.h; path = GamePersonBody.h; sourceTree = "<group>"; };
		A319482920AC542F0084A201 /* GamePersonHead.h */ = {isa = PBXFileReference; fileEncoding = 4; lastKnownFileType = sourcecode.c.h; path = GamePersonHead.h; sourceTree = "<group>"; };
		A319482A20AC542F0084A201 /* GamePerson.h */ = {isa = PBXFileReference; fileEncoding = 4; lastKnownFileType = sourcecode.c.h; path = GamePerson.h; sourceTree = "<group>"; };
		A319482B20AC542F0084A201 /* GamePersonLeg.h */ = {isa = PBXFileReference; fileEncoding = 4; lastKnownFileType = sourcecode.c.h; path = GamePersonLeg.h; sourceTree = "<group>"; };
		A319482C20AC542F0084A201 /* GamePersonArm.m */ = {isa = PBXFileReference; fileEncoding = 4; lastKnownFileType = sourcecode.c.objc; path = GamePersonArm.m; sourceTree = "<group>"; };
		A319482D20AC542F0084A201 /* GamePersonBody.m */ = {isa = PBXFileReference; fileEncoding = 4; lastKnownFileType = sourcecode.c.objc; path = GamePersonBody.m; sourceTree = "<group>"; };
		A319482E20AC542F0084A201 /* GamePersonHead.m */ = {isa = PBXFileReference; fileEncoding = 4; lastKnownFileType = sourcecode.c.objc; path = GamePersonHead.m; sourceTree = "<group>"; };
		A319483020AC542F0084A201 /* ThinPersonBuilder.h */ = {isa = PBXFileReference; fileEncoding = 4; lastKnownFileType = sourcecode.c.h; path = ThinPersonBuilder.h; sourceTree = "<group>"; };
		A319483120AC542F0084A201 /* FatPersonBuilder.m */ = {isa = PBXFileReference; fileEncoding = 4; lastKnownFileType = sourcecode.c.objc; path = FatPersonBuilder.m; sourceTree = "<group>"; };
		A319483220AC542F0084A201 /* PersonBuilderProtocol.h */ = {isa = PBXFileReference; fileEncoding = 4; lastKnownFileType = sourcecode.c.h; path = PersonBuilderProtocol.h; sourceTree = "<group>"; };
		A319483320AC542F0084A201 /* ThinPersonBuilder.m */ = {isa = PBXFileReference; fileEncoding = 4; lastKnownFileType = sourcecode.c.objc; path = ThinPersonBuilder.m; sourceTree = "<group>"; };
		A319483420AC542F0084A201 /* FatPersonBuilder.h */ = {isa = PBXFileReference; fileEncoding = 4; lastKnownFileType = sourcecode.c.h; path = FatPersonBuilder.h; sourceTree = "<group>"; };
		A319483E20AC545A0084A201 /* ConcreteSubject.m */ = {isa = PBXFileReference; fileEncoding = 4; lastKnownFileType = sourcecode.c.objc; path = ConcreteSubject.m; sourceTree = "<group>"; };
		A319483F20AC545A0084A201 /* StockObserver.m */ = {isa = PBXFileReference; fileEncoding = 4; lastKnownFileType = sourcecode.c.objc; path = StockObserver.m; sourceTree = "<group>"; };
		A319484020AC545A0084A201 /* Subject.m */ = {isa = PBXFileReference; fileEncoding = 4; lastKnownFileType = sourcecode.c.objc; path = Subject.m; sourceTree = "<group>"; };
		A319484120AC545A0084A201 /* NBAObserver.h */ = {isa = PBXFileReference; fileEncoding = 4; lastKnownFileType = sourcecode.c.h; path = NBAObserver.h; sourceTree = "<group>"; };
		A319484220AC545A0084A201 /* ConcreteSubject.h */ = {isa = PBXFileReference; fileEncoding = 4; lastKnownFileType = sourcecode.c.h; path = ConcreteSubject.h; sourceTree = "<group>"; };
		A319484320AC545A0084A201 /* StockObserver.h */ = {isa = PBXFileReference; fileEncoding = 4; lastKnownFileType = sourcecode.c.h; path = StockObserver.h; sourceTree = "<group>"; };
		A319484420AC545A0084A201 /* NBAObserver.m */ = {isa = PBXFileReference; fileEncoding = 4; lastKnownFileType = sourcecode.c.objc; path = NBAObserver.m; sourceTree = "<group>"; };
		A319484520AC545A0084A201 /* ObserveProtocol.h */ = {isa = PBXFileReference; fileEncoding = 4; lastKnownFileType = sourcecode.c.h; path = ObserveProtocol.h; sourceTree = "<group>"; };
		A319484620AC545A0084A201 /* Subject.h */ = {isa = PBXFileReference; fileEncoding = 4; lastKnownFileType = sourcecode.c.h; path = Subject.h; sourceTree = "<group>"; };
		A389CCF720A1A32A004F1A59 /* DesignPatterns_For_iOS_OC */ = {isa = PBXFileReference; explicitFileType = "compiled.mach-o.executable"; includeInIndex = 0; path = DesignPatterns_For_iOS_OC; sourceTree = BUILT_PRODUCTS_DIR; };
		A389CCFA20A1A32A004F1A59 /* main.m */ = {isa = PBXFileReference; lastKnownFileType = sourcecode.c.objc; path = main.m; sourceTree = "<group>"; };
		A389CD0220A1A3C7004F1A59 /* CashStrategyNormal.m */ = {isa = PBXFileReference; fileEncoding = 4; lastKnownFileType = sourcecode.c.objc; path = CashStrategyNormal.m; sourceTree = "<group>"; };
		A389CD0320A1A3C7004F1A59 /* CashStrategyRebate.m */ = {isa = PBXFileReference; fileEncoding = 4; lastKnownFileType = sourcecode.c.objc; path = CashStrategyRebate.m; sourceTree = "<group>"; };
		A389CD0420A1A3C7004F1A59 /* CashContextFactory.h */ = {isa = PBXFileReference; fileEncoding = 4; lastKnownFileType = sourcecode.c.h; path = CashContextFactory.h; sourceTree = "<group>"; };
		A389CD0520A1A3C7004F1A59 /* CashStrategyReturn.h */ = {isa = PBXFileReference; fileEncoding = 4; lastKnownFileType = sourcecode.c.h; path = CashStrategyReturn.h; sourceTree = "<group>"; };
		A389CD0620A1A3C7004F1A59 /* CashStrategyRebate.h */ = {isa = PBXFileReference; fileEncoding = 4; lastKnownFileType = sourcecode.c.h; path = CashStrategyRebate.h; sourceTree = "<group>"; };
		A389CD0720A1A3C7004F1A59 /* CashStrategyNormal.h */ = {isa = PBXFileReference; fileEncoding = 4; lastKnownFileType = sourcecode.c.h; path = CashStrategyNormal.h; sourceTree = "<group>"; };
		A389CD0820A1A3C7004F1A59 /* CashContextFactory.m */ = {isa = PBXFileReference; fileEncoding = 4; lastKnownFileType = sourcecode.c.objc; path = CashContextFactory.m; sourceTree = "<group>"; };
		A389CD0920A1A3C7004F1A59 /* CashStrategy.h */ = {isa = PBXFileReference; fileEncoding = 4; lastKnownFileType = sourcecode.c.h; path = CashStrategy.h; sourceTree = "<group>"; };
		A389CD0A20A1A3C7004F1A59 /* CashStrategyReturn.m */ = {isa = PBXFileReference; fileEncoding = 4; lastKnownFileType = sourcecode.c.objc; path = CashStrategyReturn.m; sourceTree = "<group>"; };
		A389CD0E20A1A3C7004F1A59 /* Skill_Q.h */ = {isa = PBXFileReference; fileEncoding = 4; lastKnownFileType = sourcecode.c.h; path = Skill_Q.h; sourceTree = "<group>"; };
		A389CD0F20A1A3C7004F1A59 /* Skill_W.m */ = {isa = PBXFileReference; fileEncoding = 4; lastKnownFileType = sourcecode.c.objc; path = Skill_W.m; sourceTree = "<group>"; };
		A389CD1020A1A3C7004F1A59 /* Skills.h */ = {isa = PBXFileReference; fileEncoding = 4; lastKnownFileType = sourcecode.c.h; path = Skills.h; sourceTree = "<group>"; };
		A389CD1120A1A3C7004F1A59 /* Skills.m */ = {isa = PBXFileReference; fileEncoding = 4; lastKnownFileType = sourcecode.c.objc; path = Skills.m; sourceTree = "<group>"; };
		A389CD1220A1A3C7004F1A59 /* Skill_W.h */ = {isa = PBXFileReference; fileEncoding = 4; lastKnownFileType = sourcecode.c.h; path = Skill_W.h; sourceTree = "<group>"; };
		A389CD1320A1A3C7004F1A59 /* Skill_Q.m */ = {isa = PBXFileReference; fileEncoding = 4; lastKnownFileType = sourcecode.c.objc; path = Skill_Q.m; sourceTree = "<group>"; };
		A389CD1520A1A3C7004F1A59 /* Hero.m */ = {isa = PBXFileReference; fileEncoding = 4; lastKnownFileType = sourcecode.c.objc; path = Hero.m; sourceTree = "<group>"; };
		A389CD1620A1A3C7004F1A59 /* AnQiLa.h */ = {isa = PBXFileReference; fileEncoding = 4; lastKnownFileType = sourcecode.c.h; path = AnQiLa.h; sourceTree = "<group>"; };
		A389CD1720A1A3C7004F1A59 /* Hero.h */ = {isa = PBXFileReference; fileEncoding = 4; lastKnownFileType = sourcecode.c.h; path = Hero.h; sourceTree = "<group>"; };
		A389CD1820A1A3C7004F1A59 /* AnQiLa.m */ = {isa = PBXFileReference; fileEncoding = 4; lastKnownFileType = sourcecode.c.objc; path = AnQiLa.m; sourceTree = "<group>"; };
		A389CD1B20A1A3C7004F1A59 /* TShirts.h */ = {isa = PBXFileReference; fileEncoding = 4; lastKnownFileType = sourcecode.c.h; path = TShirts.h; sourceTree = "<group>"; };
		A389CD1C20A1A3C7004F1A59 /* Finery.m */ = {isa = PBXFileReference; fileEncoding = 4; lastKnownFileType = sourcecode.c.objc; path = Finery.m; sourceTree = "<group>"; };
		A389CD1D20A1A3C7004F1A59 /* BigTrouser.h */ = {isa = PBXFileReference; fileEncoding = 4; lastKnownFileType = sourcecode.c.h; path = BigTrouser.h; sourceTree = "<group>"; };
		A389CD1E20A1A3C7004F1A59 /* Finery.h */ = {isa = PBXFileReference; fileEncoding = 4; lastKnownFileType = sourcecode.c.h; path = Finery.h; sourceTree = "<group>"; };
		A389CD1F20A1A3C7004F1A59 /* TShirts.m */ = {isa = PBXFileReference; fileEncoding = 4; lastKnownFileType = sourcecode.c.objc; path = TShirts.m; sourceTree = "<group>"; };
		A389CD2020A1A3C7004F1A59 /* BigTrouser.m */ = {isa = PBXFileReference; fileEncoding = 4; lastKnownFileType = sourcecode.c.objc; path = BigTrouser.m; sourceTree = "<group>"; };
		A389CD2220A1A3C7004F1A59 /* Person.h */ = {isa = PBXFileReference; fileEncoding = 4; lastKnownFileType = sourcecode.c.h; path = Person.h; sourceTree = "<group>"; };
		A389CD2320A1A3C7004F1A59 /* Person.m */ = {isa = PBXFileReference; fileEncoding = 4; lastKnownFileType = sourcecode.c.objc; path = Person.m; sourceTree = "<group>"; };
		A389CD2520A1A3C7004F1A59 /* TestPaperB.m */ = {isa = PBXFileReference; fileEncoding = 4; lastKnownFileType = sourcecode.c.objc; path = TestPaperB.m; sourceTree = "<group>"; };
		A389CD2620A1A3C7004F1A59 /* TestPaperA.m */ = {isa = PBXFileReference; fileEncoding = 4; lastKnownFileType = sourcecode.c.objc; path = TestPaperA.m; sourceTree = "<group>"; };
		A389CD2720A1A3C7004F1A59 /* TestPaper.h */ = {isa = PBXFileReference; fileEncoding = 4; lastKnownFileType = sourcecode.c.h; path = TestPaper.h; sourceTree = "<group>"; };
		A389CD2820A1A3C7004F1A59 /* TestPaperB.h */ = {isa = PBXFileReference; fileEncoding = 4; lastKnownFileType = sourcecode.c.h; path = TestPaperB.h; sourceTree = "<group>"; };
		A389CD2920A1A3C7004F1A59 /* TestPaperA.h */ = {isa = PBXFileReference; fileEncoding = 4; lastKnownFileType = sourcecode.c.h; path = TestPaperA.h; sourceTree = "<group>"; };
		A389CD2A20A1A3C7004F1A59 /* TestPaper.m */ = {isa = PBXFileReference; fileEncoding = 4; lastKnownFileType = sourcecode.c.objc; path = TestPaper.m; sourceTree = "<group>"; };
		A389CD2C20A1A3C7004F1A59 /* Proxy.m */ = {isa = PBXFileReference; fileEncoding = 4; lastKnownFileType = sourcecode.c.objc; path = Proxy.m; sourceTree = "<group>"; };
		A389CD2D20A1A3C7004F1A59 /* GiveGiftDelegate.h */ = {isa = PBXFileReference; fileEncoding = 4; lastKnownFileType = sourcecode.c.h; path = GiveGiftDelegate.h; sourceTree = "<group>"; };
		A389CD2E20A1A3C7004F1A59 /* Pursuit.h */ = {isa = PBXFileReference; fileEncoding = 4; lastKnownFileType = sourcecode.c.h; path = Pursuit.h; sourceTree = "<group>"; };
		A389CD2F20A1A3C7004F1A59 /* SchoolGirl.m */ = {isa = PBXFileReference; fileEncoding = 4; lastKnownFileType = sourcecode.c.objc; path = SchoolGirl.m; sourceTree = "<group>"; };
		A389CD3020A1A3C7004F1A59 /* Proxy.h */ = {isa = PBXFileReference; fileEncoding = 4; lastKnownFileType = sourcecode.c.h; path = Proxy.h; sourceTree = "<group>"; };
		A389CD3120A1A3C7004F1A59 /* Pursuit.m */ = {isa = PBXFileReference; fileEncoding = 4; lastKnownFileType = sourcecode.c.objc; path = Pursuit.m; sourceTree = "<group>"; };
		A389CD3220A1A3C7004F1A59 /* SchoolGirl.h */ = {isa = PBXFileReference; fileEncoding = 4; lastKnownFileType = sourcecode.c.h; path = SchoolGirl.h; sourceTree = "<group>"; };
		A389CD3420A1A3C7004F1A59 /* PrototypePerson.h */ = {isa = PBXFileReference; fileEncoding = 4; lastKnownFileType = sourcecode.c.h; path = PrototypePerson.h; sourceTree = "<group>"; };
		A389CD3520A1A3C7004F1A59 /* PrototypePerson.m */ = {isa = PBXFileReference; fileEncoding = 4; lastKnownFileType = sourcecode.c.objc; path = PrototypePerson.m; sourceTree = "<group>"; };
		A389CD3620A1A3C7004F1A59 /* ExampleManager.h */ = {isa = PBXFileReference; fileEncoding = 4; lastKnownFileType = sourcecode.c.h; path = ExampleManager.h; sourceTree = "<group>"; };
		A389CD3820A1A3C8004F1A59 /* CalculatorOperation.h */ = {isa = PBXFileReference; fileEncoding = 4; lastKnownFileType = sourcecode.c.h; path = CalculatorOperation.h; sourceTree = "<group>"; };
		A389CD3920A1A3C8004F1A59 /* CalculatorFactory.h */ = {isa = PBXFileReference; fileEncoding = 4; lastKnownFileType = sourcecode.c.h; path = CalculatorFactory.h; sourceTree = "<group>"; };
		A389CD3A20A1A3C8004F1A59 /* CalculatorAlgorithm.m */ = {isa = PBXFileReference; fileEncoding = 4; lastKnownFileType = sourcecode.c.objc; path = CalculatorAlgorithm.m; sourceTree = "<group>"; };
		A389CD3B20A1A3C8004F1A59 /* CalculatorOperation.m */ = {isa = PBXFileReference; fileEncoding = 4; lastKnownFileType = sourcecode.c.objc; path = CalculatorOperation.m; sourceTree = "<group>"; };
		A389CD3C20A1A3C8004F1A59 /* CalculatorFactory.m */ = {isa = PBXFileReference; fileEncoding = 4; lastKnownFileType = sourcecode.c.objc; path = CalculatorFactory.m; sourceTree = "<group>"; };
		A389CD3D20A1A3C8004F1A59 /* CalculatorAlgorithm.h */ = {isa = PBXFileReference; fileEncoding = 4; lastKnownFileType = sourcecode.c.h; path = CalculatorAlgorithm.h; sourceTree = "<group>"; };
		A389CD3F20A1A3C8004F1A59 /* CalculateAddFactory.h */ = {isa = PBXFileReference; fileEncoding = 4; lastKnownFileType = sourcecode.c.h; path = CalculateAddFactory.h; sourceTree = "<group>"; };
		A389CD4020A1A3C8004F1A59 /* CalculateMulFactory.m */ = {isa = PBXFileReference; fileEncoding = 4; lastKnownFileType = sourcecode.c.objc; path = CalculateMulFactory.m; sourceTree = "<group>"; };
		A389CD4120A1A3C8004F1A59 /* CalculateFactory.m */ = {isa = PBXFileReference; fileEncoding = 4; lastKnownFileType = sourcecode.c.objc; path = CalculateFactory.m; sourceTree = "<group>"; };
		A389CD4220A1A3C8004F1A59 /* CalculateSubFactory.h */ = {isa = PBXFileReference; fileEncoding = 4; lastKnownFileType = sourcecode.c.h; path = CalculateSubFactory.h; sourceTree = "<group>"; };
		A389CD4320A1A3C8004F1A59 /* CalculateDivFactory.h */ = {isa = PBXFileReference; fileEncoding = 4; lastKnownFileType = sourcecode.c.h; path = CalculateDivFactory.h; sourceTree = "<group>"; };
		A389CD4420A1A3C8004F1A59 /* CalculateAddFactory.m */ = {isa = PBXFileReference; fileEncoding = 4; lastKnownFileType = sourcecode.c.objc; path = CalculateAddFactory.m; sourceTree = "<group>"; };
		A389CD4520A1A3C8004F1A59 /* CalculateMulFactory.h */ = {isa = PBXFileReference; fileEncoding = 4; lastKnownFileType = sourcecode.c.h; path = CalculateMulFactory.h; sourceTree = "<group>"; };
		A389CD4620A1A3C8004F1A59 /* CalculateFactory.h */ = {isa = PBXFileReference; fileEncoding = 4; lastKnownFileType = sourcecode.c.h; path = CalculateFactory.h; sourceTree = "<group>"; };
		A389CD4720A1A3C8004F1A59 /* CalculateDivFactory.m */ = {isa = PBXFileReference; fileEncoding = 4; lastKnownFileType = sourcecode.c.objc; path = CalculateDivFactory.m; sourceTree = "<group>"; };
		A389CD4820A1A3C8004F1A59 /* CalculateSubFactory.m */ = {isa = PBXFileReference; fileEncoding = 4; lastKnownFileType = sourcecode.c.objc; path = CalculateSubFactory.m; sourceTree = "<group>"; };
		A389CD4920A1A3C8004F1A59 /* ExampleManager.m */ = {isa = PBXFileReference; fileEncoding = 4; lastKnownFileType = sourcecode.c.objc; path = ExampleManager.m; sourceTree = "<group>"; };
		A389CD6820A1B565004F1A59 /* SubSystemOne.h */ = {isa = PBXFileReference; lastKnownFileType = sourcecode.c.h; path = SubSystemOne.h; sourceTree = "<group>"; };
		A389CD6920A1B565004F1A59 /* SubSystemOne.m */ = {isa = PBXFileReference; lastKnownFileType = sourcecode.c.objc; path = SubSystemOne.m; sourceTree = "<group>"; };
		A389CD6B20A1B573004F1A59 /* SubSystemTwo.h */ = {isa = PBXFileReference; lastKnownFileType = sourcecode.c.h; path = SubSystemTwo.h; sourceTree = "<group>"; };
		A389CD6C20A1B573004F1A59 /* SubSystemTwo.m */ = {isa = PBXFileReference; lastKnownFileType = sourcecode.c.objc; path = SubSystemTwo.m; sourceTree = "<group>"; };
		A389CD6E20A1B580004F1A59 /* SubSystemThree.h */ = {isa = PBXFileReference; lastKnownFileType = sourcecode.c.h; path = SubSystemThree.h; sourceTree = "<group>"; };
		A389CD6F20A1B580004F1A59 /* SubSystemThree.m */ = {isa = PBXFileReference; lastKnownFileType = sourcecode.c.objc; path = SubSystemThree.m; sourceTree = "<group>"; };
		A389CD7120A1B590004F1A59 /* Facade.h */ = {isa = PBXFileReference; lastKnownFileType = sourcecode.c.h; path = Facade.h; sourceTree = "<group>"; };
		A389CD7220A1B590004F1A59 /* Facade.m */ = {isa = PBXFileReference; lastKnownFileType = sourcecode.c.objc; path = Facade.m; sourceTree = "<group>"; };
/* End PBXFileReference section */

/* Begin PBXFrameworksBuildPhase section */
		A389CCF420A1A32A004F1A59 /* Frameworks */ = {
			isa = PBXFrameworksBuildPhase;
			buildActionMask = 2147483647;
			files = (
			);
			runOnlyForDeploymentPostprocessing = 0;
		};
/* End PBXFrameworksBuildPhase section */

/* Begin PBXGroup section */
		A313A76E20AA893100B3B769 /* 14.备忘录模式 */ = {
			isa = PBXGroup;
			children = (
				A313A76F20AA89CC00B3B769 /* Originator.h */,
				A313A77020AA89CC00B3B769 /* Originator.m */,
				A313A77220AA8A3B00B3B769 /* Memento.h */,
				A313A77320AA8A3B00B3B769 /* Memento.m */,
				A313A77520AA90BD00B3B769 /* MementoManager.h */,
				A313A77620AA90BD00B3B769 /* MementoManager.m */,
			);
			path = "14.备忘录模式";
			sourceTree = "<group>";
		};
		A319480920AC162D0084A201 /* 15.组合模式 */ = {
			isa = PBXGroup;
			children = (
				A319480A20AC16A20084A201 /* Company.h */,
				A319480B20AC16A20084A201 /* Company.m */,
				A319480D20AC1B3A0084A201 /* HRDepartment.h */,
				A319480E20AC1B3A0084A201 /* HRDepartment.m */,
				A319481020AC1B500084A201 /* FinanceDepartment.h */,
				A319481120AC1B500084A201 /* FinanceDepartment.m */,
			);
			path = "15.组合模式";
			sourceTree = "<group>";
		};
		A319481320AC4BAC0084A201 /* 16.迭代器模式 */ = {
			isa = PBXGroup;
			children = (
				A319481420AC4C5C0084A201 /* Iterator.h */,
				A319481520AC4C5C0084A201 /* Iterator.m */,
				A319481A20AC4C8C0084A201 /* ConcreteIterator.h */,
				A319481B20AC4C8C0084A201 /* ConcreteIterator.m */,
			);
			path = "16.迭代器模式";
			sourceTree = "<group>";
		};
		A319482020AC542F0084A201 /* 9.建造者模式 */ = {
			isa = PBXGroup;
			children = (
				A319482120AC542F0084A201 /* Director */,
				A319482420AC542F0084A201 /* Product */,
				A319482F20AC542F0084A201 /* Builder */,
			);
			path = "9.建造者模式";
			sourceTree = "<group>";
		};
		A319482120AC542F0084A201 /* Director */ = {
			isa = PBXGroup;
			children = (
				A319482220AC542F0084A201 /* PersonBuilderDirector.m */,
				A319482320AC542F0084A201 /* PersonBuilderDirector.h */,
			);
			path = Director;
			sourceTree = "<group>";
		};
		A319482420AC542F0084A201 /* Product */ = {
			isa = PBXGroup;
			children = (
				A319482520AC542F0084A201 /* GamePersonArm.h */,
				A319482620AC542F0084A201 /* GamePersonLeg.m */,
				A319482720AC542F0084A201 /* GamePerson.m */,
				A319482820AC542F0084A201 /* GamePersonBody.h */,
				A319482920AC542F0084A201 /* GamePersonHead.h */,
				A319482A20AC542F0084A201 /* GamePerson.h */,
				A319482B20AC542F0084A201 /* GamePersonLeg.h */,
				A319482C20AC542F0084A201 /* GamePersonArm.m */,
				A319482D20AC542F0084A201 /* GamePersonBody.m */,
				A319482E20AC542F0084A201 /* GamePersonHead.m */,
			);
			path = Product;
			sourceTree = "<group>";
		};
		A319482F20AC542F0084A201 /* Builder */ = {
			isa = PBXGroup;
			children = (
				A319483020AC542F0084A201 /* ThinPersonBuilder.h */,
				A319483120AC542F0084A201 /* FatPersonBuilder.m */,
				A319483220AC542F0084A201 /* PersonBuilderProtocol.h */,
				A319483320AC542F0084A201 /* ThinPersonBuilder.m */,
				A319483420AC542F0084A201 /* FatPersonBuilder.h */,
			);
			path = Builder;
			sourceTree = "<group>";
		};
		A319483D20AC545A0084A201 /* 10.观察者模式 */ = {
			isa = PBXGroup;
			children = (
				A319483E20AC545A0084A201 /* ConcreteSubject.m */,
				A319483F20AC545A0084A201 /* StockObserver.m */,
				A319484020AC545A0084A201 /* Subject.m */,
				A319484120AC545A0084A201 /* NBAObserver.h */,
				A319484220AC545A0084A201 /* ConcreteSubject.h */,
				A319484320AC545A0084A201 /* StockObserver.h */,
				A319484420AC545A0084A201 /* NBAObserver.m */,
				A319484520AC545A0084A201 /* ObserveProtocol.h */,
				A319484620AC545A0084A201 /* Subject.h */,
			);
			path = "10.观察者模式";
			sourceTree = "<group>";
		};
		A389CCEE20A1A32A004F1A59 = {
			isa = PBXGroup;
			children = (
				A389CCF920A1A32A004F1A59 /* DesignPatterns_For_iOS_OC */,
				A389CCF820A1A32A004F1A59 /* Products */,
			);
			sourceTree = "<group>";
		};
		A389CCF820A1A32A004F1A59 /* Products */ = {
			isa = PBXGroup;
			children = (
				A389CCF720A1A32A004F1A59 /* DesignPatterns_For_iOS_OC */,
			);
			name = Products;
			sourceTree = "<group>";
		};
		A389CCF920A1A32A004F1A59 /* DesignPatterns_For_iOS_OC */ = {
			isa = PBXGroup;
			children = (
				A389CD3720A1A3C8004F1A59 /* 1.简单工厂模式 */,
				A389CD0120A1A3C7004F1A59 /* 2.策略模式 */,
				A389CD0B20A1A3C7004F1A59 /* 3.装饰器模式 */,
				A389CD2B20A1A3C7004F1A59 /* 4.代理模式 */,
				A389CD3E20A1A3C8004F1A59 /* 5.工厂模式 */,
				A389CD3320A1A3C7004F1A59 /* 6.原型模式 */,
				A389CD2420A1A3C7004F1A59 /* 7.模板方法模式 */,
				A389CD6720A1B4C6004F1A59 /* 8.外观模式 */,
				A319482020AC542F0084A201 /* 9.建造者模式 */,
				A319483D20AC545A0084A201 /* 10.观察者模式 */,
				A313A76E20AA893100B3B769 /* 14.备忘录模式 */,
				A319480920AC162D0084A201 /* 15.组合模式 */,
				A319481320AC4BAC0084A201 /* 16.迭代器模式 */,
				A389CD3620A1A3C7004F1A59 /* ExampleManager.h */,
				A389CD4920A1A3C8004F1A59 /* ExampleManager.m */,
				A389CCFA20A1A32A004F1A59 /* main.m */,
			);
			path = DesignPatterns_For_iOS_OC;
			sourceTree = "<group>";
		};
		A389CD0120A1A3C7004F1A59 /* 2.策略模式 */ = {
			isa = PBXGroup;
			children = (
				A389CD0220A1A3C7004F1A59 /* CashStrategyNormal.m */,
				A389CD0320A1A3C7004F1A59 /* CashStrategyRebate.m */,
				A389CD0420A1A3C7004F1A59 /* CashContextFactory.h */,
				A389CD0520A1A3C7004F1A59 /* CashStrategyReturn.h */,
				A389CD0620A1A3C7004F1A59 /* CashStrategyRebate.h */,
				A389CD0720A1A3C7004F1A59 /* CashStrategyNormal.h */,
				A389CD0820A1A3C7004F1A59 /* CashContextFactory.m */,
				A389CD0920A1A3C7004F1A59 /* CashStrategy.h */,
				A389CD0A20A1A3C7004F1A59 /* CashStrategyReturn.m */,
			);
			path = "2.策略模式";
			sourceTree = "<group>";
		};
		A389CD0B20A1A3C7004F1A59 /* 3.装饰器模式 */ = {
			isa = PBXGroup;
			children = (
				A389CD0C20A1A3C7004F1A59 /* 装饰器模式2(王者荣耀) */,
				A389CD1920A1A3C7004F1A59 /* 装饰器模式1(穿衣) */,
			);
			path = "3.装饰器模式";
			sourceTree = "<group>";
		};
		A389CD0C20A1A3C7004F1A59 /* 装饰器模式2(王者荣耀) */ = {
			isa = PBXGroup;
			children = (
				A389CD0D20A1A3C7004F1A59 /* decorator */,
				A389CD1420A1A3C7004F1A59 /* component */,
			);
			path = "装饰器模式2(王者荣耀)";
			sourceTree = "<group>";
		};
		A389CD0D20A1A3C7004F1A59 /* decorator */ = {
			isa = PBXGroup;
			children = (
				A389CD0E20A1A3C7004F1A59 /* Skill_Q.h */,
				A389CD0F20A1A3C7004F1A59 /* Skill_W.m */,
				A389CD1020A1A3C7004F1A59 /* Skills.h */,
				A389CD1120A1A3C7004F1A59 /* Skills.m */,
				A389CD1220A1A3C7004F1A59 /* Skill_W.h */,
				A389CD1320A1A3C7004F1A59 /* Skill_Q.m */,
			);
			path = decorator;
			sourceTree = "<group>";
		};
		A389CD1420A1A3C7004F1A59 /* component */ = {
			isa = PBXGroup;
			children = (
				A389CD1520A1A3C7004F1A59 /* Hero.m */,
				A389CD1620A1A3C7004F1A59 /* AnQiLa.h */,
				A389CD1720A1A3C7004F1A59 /* Hero.h */,
				A389CD1820A1A3C7004F1A59 /* AnQiLa.m */,
			);
			path = component;
			sourceTree = "<group>";
		};
		A389CD1920A1A3C7004F1A59 /* 装饰器模式1(穿衣) */ = {
			isa = PBXGroup;
			children = (
				A389CD1A20A1A3C7004F1A59 /* decorator */,
				A389CD2120A1A3C7004F1A59 /* component */,
			);
			path = "装饰器模式1(穿衣)";
			sourceTree = "<group>";
		};
		A389CD1A20A1A3C7004F1A59 /* decorator */ = {
			isa = PBXGroup;
			children = (
				A389CD1B20A1A3C7004F1A59 /* TShirts.h */,
				A389CD1C20A1A3C7004F1A59 /* Finery.m */,
				A389CD1D20A1A3C7004F1A59 /* BigTrouser.h */,
				A389CD1E20A1A3C7004F1A59 /* Finery.h */,
				A389CD1F20A1A3C7004F1A59 /* TShirts.m */,
				A389CD2020A1A3C7004F1A59 /* BigTrouser.m */,
			);
			path = decorator;
			sourceTree = "<group>";
		};
		A389CD2120A1A3C7004F1A59 /* component */ = {
			isa = PBXGroup;
			children = (
				A389CD2220A1A3C7004F1A59 /* Person.h */,
				A389CD2320A1A3C7004F1A59 /* Person.m */,
			);
			path = component;
			sourceTree = "<group>";
		};
		A389CD2420A1A3C7004F1A59 /* 7.模板方法模式 */ = {
			isa = PBXGroup;
			children = (
				A389CD2520A1A3C7004F1A59 /* TestPaperB.m */,
				A389CD2620A1A3C7004F1A59 /* TestPaperA.m */,
				A389CD2720A1A3C7004F1A59 /* TestPaper.h */,
				A389CD2820A1A3C7004F1A59 /* TestPaperB.h */,
				A389CD2920A1A3C7004F1A59 /* TestPaperA.h */,
				A389CD2A20A1A3C7004F1A59 /* TestPaper.m */,
			);
			path = "7.模板方法模式";
			sourceTree = "<group>";
		};
		A389CD2B20A1A3C7004F1A59 /* 4.代理模式 */ = {
			isa = PBXGroup;
			children = (
				A389CD2C20A1A3C7004F1A59 /* Proxy.m */,
				A389CD2D20A1A3C7004F1A59 /* GiveGiftDelegate.h */,
				A389CD2E20A1A3C7004F1A59 /* Pursuit.h */,
				A389CD2F20A1A3C7004F1A59 /* SchoolGirl.m */,
				A389CD3020A1A3C7004F1A59 /* Proxy.h */,
				A389CD3120A1A3C7004F1A59 /* Pursuit.m */,
				A389CD3220A1A3C7004F1A59 /* SchoolGirl.h */,
			);
			path = "4.代理模式";
			sourceTree = "<group>";
		};
		A389CD3320A1A3C7004F1A59 /* 6.原型模式 */ = {
			isa = PBXGroup;
			children = (
				A389CD3420A1A3C7004F1A59 /* PrototypePerson.h */,
				A389CD3520A1A3C7004F1A59 /* PrototypePerson.m */,
			);
			path = "6.原型模式";
			sourceTree = "<group>";
		};
		A389CD3720A1A3C8004F1A59 /* 1.简单工厂模式 */ = {
			isa = PBXGroup;
			children = (
				A389CD3820A1A3C8004F1A59 /* CalculatorOperation.h */,
				A389CD3920A1A3C8004F1A59 /* CalculatorFactory.h */,
				A389CD3A20A1A3C8004F1A59 /* CalculatorAlgorithm.m */,
				A389CD3B20A1A3C8004F1A59 /* CalculatorOperation.m */,
				A389CD3C20A1A3C8004F1A59 /* CalculatorFactory.m */,
				A389CD3D20A1A3C8004F1A59 /* CalculatorAlgorithm.h */,
			);
			path = "1.简单工厂模式";
			sourceTree = "<group>";
		};
		A389CD3E20A1A3C8004F1A59 /* 5.工厂模式 */ = {
			isa = PBXGroup;
			children = (
				A389CD3F20A1A3C8004F1A59 /* CalculateAddFactory.h */,
				A389CD4020A1A3C8004F1A59 /* CalculateMulFactory.m */,
				A389CD4120A1A3C8004F1A59 /* CalculateFactory.m */,
				A389CD4220A1A3C8004F1A59 /* CalculateSubFactory.h */,
				A389CD4320A1A3C8004F1A59 /* CalculateDivFactory.h */,
				A389CD4420A1A3C8004F1A59 /* CalculateAddFactory.m */,
				A389CD4520A1A3C8004F1A59 /* CalculateMulFactory.h */,
				A389CD4620A1A3C8004F1A59 /* CalculateFactory.h */,
				A389CD4720A1A3C8004F1A59 /* CalculateDivFactory.m */,
				A389CD4820A1A3C8004F1A59 /* CalculateSubFactory.m */,
			);
			path = "5.工厂模式";
			sourceTree = "<group>";
		};
		A389CD6720A1B4C6004F1A59 /* 8.外观模式 */ = {
			isa = PBXGroup;
			children = (
				A389CD6820A1B565004F1A59 /* SubSystemOne.h */,
				A389CD6920A1B565004F1A59 /* SubSystemOne.m */,
				A389CD6B20A1B573004F1A59 /* SubSystemTwo.h */,
				A389CD6C20A1B573004F1A59 /* SubSystemTwo.m */,
				A389CD6E20A1B580004F1A59 /* SubSystemThree.h */,
				A389CD6F20A1B580004F1A59 /* SubSystemThree.m */,
				A389CD7120A1B590004F1A59 /* Facade.h */,
				A389CD7220A1B590004F1A59 /* Facade.m */,
			);
			path = "8.外观模式";
			sourceTree = "<group>";
		};
/* End PBXGroup section */

/* Begin PBXNativeTarget section */
		A389CCF620A1A32A004F1A59 /* DesignPatterns_For_iOS_OC */ = {
			isa = PBXNativeTarget;
			buildConfigurationList = A389CCFE20A1A32A004F1A59 /* Build configuration list for PBXNativeTarget "DesignPatterns_For_iOS_OC" */;
			buildPhases = (
				A389CCF320A1A32A004F1A59 /* Sources */,
				A389CCF420A1A32A004F1A59 /* Frameworks */,
				A389CCF520A1A32A004F1A59 /* CopyFiles */,
			);
			buildRules = (
			);
			dependencies = (
			);
			name = DesignPatterns_For_iOS_OC;
			productName = DesignPatterns_For_iOS_OC;
			productReference = A389CCF720A1A32A004F1A59 /* DesignPatterns_For_iOS_OC */;
			productType = "com.apple.product-type.tool";
		};
/* End PBXNativeTarget section */

/* Begin PBXProject section */
		A389CCEF20A1A32A004F1A59 /* Project object */ = {
			isa = PBXProject;
			attributes = {
				LastUpgradeCheck = 0920;
				ORGANIZATIONNAME = meituan;
				TargetAttributes = {
					A389CCF620A1A32A004F1A59 = {
						CreatedOnToolsVersion = 9.2;
						ProvisioningStyle = Automatic;
					};
				};
			};
			buildConfigurationList = A389CCF220A1A32A004F1A59 /* Build configuration list for PBXProject "DesignPatterns_For_iOS_OC" */;
			compatibilityVersion = "Xcode 8.0";
			developmentRegion = en;
			hasScannedForEncodings = 0;
			knownRegions = (
				en,
			);
			mainGroup = A389CCEE20A1A32A004F1A59;
			productRefGroup = A389CCF820A1A32A004F1A59 /* Products */;
			projectDirPath = "";
			projectRoot = "";
			targets = (
				A389CCF620A1A32A004F1A59 /* DesignPatterns_For_iOS_OC */,
			);
		};
/* End PBXProject section */

/* Begin PBXSourcesBuildPhase section */
		A389CCF320A1A32A004F1A59 /* Sources */ = {
			isa = PBXSourcesBuildPhase;
			buildActionMask = 2147483647;
			files = (
				A389CD6120A1A3C8004F1A59 /* CalculateMulFactory.m in Sources */,
				A389CD6520A1A3C8004F1A59 /* CalculateSubFactory.m in Sources */,
				A389CD5F20A1A3C8004F1A59 /* CalculatorOperation.m in Sources */,
				A319483820AC542F0084A201 /* GamePersonArm.m in Sources */,
				A389CD5A20A1A3C8004F1A59 /* Proxy.m in Sources */,
				A389CD5820A1A3C8004F1A59 /* TestPaperA.m in Sources */,
				A389CD6A20A1B565004F1A59 /* SubSystemOne.m in Sources */,
				A389CD4F20A1A3C8004F1A59 /* Skills.m in Sources */,
				A389CD5420A1A3C8004F1A59 /* TShirts.m in Sources */,
				A389CD5C20A1A3C8004F1A59 /* Pursuit.m in Sources */,
				A319484820AC545A0084A201 /* StockObserver.m in Sources */,
				A389CD7320A1B590004F1A59 /* Facade.m in Sources */,
				A319483C20AC542F0084A201 /* ThinPersonBuilder.m in Sources */,
				A319481620AC4C5C0084A201 /* Iterator.m in Sources */,
				A389CD7020A1B580004F1A59 /* SubSystemThree.m in Sources */,
				A319480F20AC1B3A0084A201 /* HRDepartment.m in Sources */,
				A319483A20AC542F0084A201 /* GamePersonHead.m in Sources */,
				A319481220AC1B500084A201 /* FinanceDepartment.m in Sources */,
				A319483520AC542F0084A201 /* PersonBuilderDirector.m in Sources */,
				A319483620AC542F0084A201 /* GamePersonLeg.m in Sources */,
				A313A77420AA8A3B00B3B769 /* Memento.m in Sources */,
				A389CD5620A1A3C8004F1A59 /* Person.m in Sources */,
				A389CD4D20A1A3C8004F1A59 /* CashStrategyReturn.m in Sources */,
				A319483720AC542F0084A201 /* GamePerson.m in Sources */,
				A319483B20AC542F0084A201 /* FatPersonBuilder.m in Sources */,
				A319484720AC545A0084A201 /* ConcreteSubject.m in Sources */,
				A319481C20AC4C8C0084A201 /* ConcreteIterator.m in Sources */,
				A319484A20AC545A0084A201 /* NBAObserver.m in Sources */,
				A389CD6020A1A3C8004F1A59 /* CalculatorFactory.m in Sources */,
				A389CD5E20A1A3C8004F1A59 /* CalculatorAlgorithm.m in Sources */,
				A389CD4B20A1A3C8004F1A59 /* CashStrategyRebate.m in Sources */,
				A313A77720AA90BD00B3B769 /* MementoManager.m in Sources */,
				A389CD5220A1A3C8004F1A59 /* AnQiLa.m in Sources */,
				A389CD6420A1A3C8004F1A59 /* CalculateDivFactory.m in Sources */,
				A319484920AC545A0084A201 /* Subject.m in Sources */,
				A389CD6320A1A3C8004F1A59 /* CalculateAddFactory.m in Sources */,
				A389CD5320A1A3C8004F1A59 /* Finery.m in Sources */,
				A389CD6D20A1B573004F1A59 /* SubSystemTwo.m in Sources */,
				A319480C20AC16A20084A201 /* Company.m in Sources */,
				A389CD5B20A1A3C8004F1A59 /* SchoolGirl.m in Sources */,
				A389CD5020A1A3C8004F1A59 /* Skill_Q.m in Sources */,
				A389CD5920A1A3C8004F1A59 /* TestPaper.m in Sources */,
				A389CD6220A1A3C8004F1A59 /* CalculateFactory.m in Sources */,
				A319483920AC542F0084A201 /* GamePersonBody.m in Sources */,
				A313A77120AA89CC00B3B769 /* Originator.m in Sources */,
				A389CD5120A1A3C8004F1A59 /* Hero.m in Sources */,
				A389CD4A20A1A3C8004F1A59 /* CashStrategyNormal.m in Sources */,
				A389CD5D20A1A3C8004F1A59 /* PrototypePerson.m in Sources */,
				A389CD5520A1A3C8004F1A59 /* BigTrouser.m in Sources */,
				A389CD5720A1A3C8004F1A59 /* TestPaperB.m in Sources */,
				A389CCFB20A1A32A004F1A59 /* main.m in Sources */,
				A389CD4C20A1A3C8004F1A59 /* CashContextFactory.m in Sources */,
				A389CD6620A1A3C8004F1A59 /* ExampleManager.m in Sources */,
				A389CD4E20A1A3C8004F1A59 /* Skill_W.m in Sources */,
			);
			runOnlyForDeploymentPostprocessing = 0;
		};
/* End PBXSourcesBuildPhase section */

/* Begin XCBuildConfiguration section */
		A389CCFC20A1A32A004F1A59 /* Debug */ = {
			isa = XCBuildConfiguration;
			buildSettings = {
				ALWAYS_SEARCH_USER_PATHS = NO;
				CLANG_ANALYZER_NONNULL = YES;
				CLANG_ANALYZER_NUMBER_OBJECT_CONVERSION = YES_AGGRESSIVE;
				CLANG_CXX_LANGUAGE_STANDARD = "gnu++14";
				CLANG_CXX_LIBRARY = "libc++";
				CLANG_ENABLE_MODULES = YES;
				CLANG_ENABLE_OBJC_ARC = YES;
				CLANG_WARN_BLOCK_CAPTURE_AUTORELEASING = YES;
				CLANG_WARN_BOOL_CONVERSION = YES;
				CLANG_WARN_COMMA = YES;
				CLANG_WARN_CONSTANT_CONVERSION = YES;
				CLANG_WARN_DIRECT_OBJC_ISA_USAGE = YES_ERROR;
				CLANG_WARN_DOCUMENTATION_COMMENTS = YES;
				CLANG_WARN_EMPTY_BODY = YES;
				CLANG_WARN_ENUM_CONVERSION = YES;
				CLANG_WARN_INFINITE_RECURSION = YES;
				CLANG_WARN_INT_CONVERSION = YES;
				CLANG_WARN_NON_LITERAL_NULL_CONVERSION = YES;
				CLANG_WARN_OBJC_LITERAL_CONVERSION = YES;
				CLANG_WARN_OBJC_ROOT_CLASS = YES_ERROR;
				CLANG_WARN_RANGE_LOOP_ANALYSIS = YES;
				CLANG_WARN_STRICT_PROTOTYPES = YES;
				CLANG_WARN_SUSPICIOUS_MOVE = YES;
				CLANG_WARN_UNGUARDED_AVAILABILITY = YES_AGGRESSIVE;
				CLANG_WARN_UNREACHABLE_CODE = YES;
				CLANG_WARN__DUPLICATE_METHOD_MATCH = YES;
				CODE_SIGN_IDENTITY = "-";
				COPY_PHASE_STRIP = NO;
				DEBUG_INFORMATION_FORMAT = dwarf;
				ENABLE_STRICT_OBJC_MSGSEND = YES;
				ENABLE_TESTABILITY = YES;
				GCC_C_LANGUAGE_STANDARD = gnu11;
				GCC_DYNAMIC_NO_PIC = NO;
				GCC_NO_COMMON_BLOCKS = YES;
				GCC_OPTIMIZATION_LEVEL = 0;
				GCC_PREPROCESSOR_DEFINITIONS = (
					"DEBUG=1",
					"$(inherited)",
				);
				GCC_WARN_64_TO_32_BIT_CONVERSION = YES;
				GCC_WARN_ABOUT_RETURN_TYPE = YES_ERROR;
				GCC_WARN_UNDECLARED_SELECTOR = YES;
				GCC_WARN_UNINITIALIZED_AUTOS = YES_AGGRESSIVE;
				GCC_WARN_UNUSED_FUNCTION = YES;
				GCC_WARN_UNUSED_VARIABLE = YES;
				MACOSX_DEPLOYMENT_TARGET = 10.13;
				MTL_ENABLE_DEBUG_INFO = YES;
				ONLY_ACTIVE_ARCH = YES;
				SDKROOT = macosx;
			};
			name = Debug;
		};
		A389CCFD20A1A32A004F1A59 /* Release */ = {
			isa = XCBuildConfiguration;
			buildSettings = {
				ALWAYS_SEARCH_USER_PATHS = NO;
				CLANG_ANALYZER_NONNULL = YES;
				CLANG_ANALYZER_NUMBER_OBJECT_CONVERSION = YES_AGGRESSIVE;
				CLANG_CXX_LANGUAGE_STANDARD = "gnu++14";
				CLANG_CXX_LIBRARY = "libc++";
				CLANG_ENABLE_MODULES = YES;
				CLANG_ENABLE_OBJC_ARC = YES;
				CLANG_WARN_BLOCK_CAPTURE_AUTORELEASING = YES;
				CLANG_WARN_BOOL_CONVERSION = YES;
				CLANG_WARN_COMMA = YES;
				CLANG_WARN_CONSTANT_CONVERSION = YES;
				CLANG_WARN_DIRECT_OBJC_ISA_USAGE = YES_ERROR;
				CLANG_WARN_DOCUMENTATION_COMMENTS = YES;
				CLANG_WARN_EMPTY_BODY = YES;
				CLANG_WARN_ENUM_CONVERSION = YES;
				CLANG_WARN_INFINITE_RECURSION = YES;
				CLANG_WARN_INT_CONVERSION = YES;
				CLANG_WARN_NON_LITERAL_NULL_CONVERSION = YES;
				CLANG_WARN_OBJC_LITERAL_CONVERSION = YES;
				CLANG_WARN_OBJC_ROOT_CLASS = YES_ERROR;
				CLANG_WARN_RANGE_LOOP_ANALYSIS = YES;
				CLANG_WARN_STRICT_PROTOTYPES = YES;
				CLANG_WARN_SUSPICIOUS_MOVE = YES;
				CLANG_WARN_UNGUARDED_AVAILABILITY = YES_AGGRESSIVE;
				CLANG_WARN_UNREACHABLE_CODE = YES;
				CLANG_WARN__DUPLICATE_METHOD_MATCH = YES;
				CODE_SIGN_IDENTITY = "-";
				COPY_PHASE_STRIP = NO;
				DEBUG_INFORMATION_FORMAT = "dwarf-with-dsym";
				ENABLE_NS_ASSERTIONS = NO;
				ENABLE_STRICT_OBJC_MSGSEND = YES;
				GCC_C_LANGUAGE_STANDARD = gnu11;
				GCC_NO_COMMON_BLOCKS = YES;
				GCC_WARN_64_TO_32_BIT_CONVERSION = YES;
				GCC_WARN_ABOUT_RETURN_TYPE = YES_ERROR;
				GCC_WARN_UNDECLARED_SELECTOR = YES;
				GCC_WARN_UNINITIALIZED_AUTOS = YES_AGGRESSIVE;
				GCC_WARN_UNUSED_FUNCTION = YES;
				GCC_WARN_UNUSED_VARIABLE = YES;
				MACOSX_DEPLOYMENT_TARGET = 10.13;
				MTL_ENABLE_DEBUG_INFO = NO;
				SDKROOT = macosx;
			};
			name = Release;
		};
		A389CCFF20A1A32A004F1A59 /* Debug */ = {
			isa = XCBuildConfiguration;
			buildSettings = {
				CODE_SIGN_STYLE = Automatic;
				PRODUCT_NAME = "$(TARGET_NAME)";
			};
			name = Debug;
		};
		A389CD0020A1A32A004F1A59 /* Release */ = {
			isa = XCBuildConfiguration;
			buildSettings = {
				CODE_SIGN_STYLE = Automatic;
				PRODUCT_NAME = "$(TARGET_NAME)";
			};
			name = Release;
		};
/* End XCBuildConfiguration section */

/* Begin XCConfigurationList section */
		A389CCF220A1A32A004F1A59 /* Build configuration list for PBXProject "DesignPatterns_For_iOS_OC" */ = {
			isa = XCConfigurationList;
			buildConfigurations = (
				A389CCFC20A1A32A004F1A59 /* Debug */,
				A389CCFD20A1A32A004F1A59 /* Release */,
			);
			defaultConfigurationIsVisible = 0;
			defaultConfigurationName = Release;
		};
		A389CCFE20A1A32A004F1A59 /* Build configuration list for PBXNativeTarget "DesignPatterns_For_iOS_OC" */ = {
			isa = XCConfigurationList;
			buildConfigurations = (
				A389CCFF20A1A32A004F1A59 /* Debug */,
				A389CD0020A1A32A004F1A59 /* Release */,
			);
			defaultConfigurationIsVisible = 0;
			defaultConfigurationName = Release;
		};
/* End XCConfigurationList section */
	};
	rootObject = A389CCEF20A1A32A004F1A59 /* Project object */;
}
